
Microsoft Visual Studio Solution File, Format Version 12.00
# Visual Studio Version 17
VisualStudioVersion = 17.10.35013.160
MinimumVisualStudioVersion = 10.0.40219.1
Project("{9A19103F-16F7-4668-BE54-9A1E7A4F7556}") = "Babbelaar.VisualStudio", "Babbelaar.VisualStudio\Babbelaar.VisualStudio.csproj", "{98086F3C-331A-4278-BBD9-796E6E3E4C69}"
EndProject
Global
	GlobalSection(SolutionConfigurationPlatforms) = preSolution
		Debug|Any CPU = Debug|Any CPU
		Debug|arm64 = Debug|arm64
		Debug|x86 = Debug|x86
		Release|Any CPU = Release|Any CPU
		Release|arm64 = Release|arm64
		Release|x86 = Release|x86
	EndGlobalSection
	GlobalSection(ProjectConfigurationPlatforms) = postSolution
		{98086F3C-331A-4278-BBD9-796E6E3E4C69}.Debug|Any CPU.ActiveCfg = Debug|Any CPU
		{98086F3C-331A-4278-BBD9-796E6E3E4C69}.Debug|Any CPU.Build.0 = Debug|Any CPU
		{98086F3C-331A-4278-BBD9-796E6E3E4C69}.Debug|arm64.ActiveCfg = Debug|Any CPU
		{98086F3C-331A-4278-BBD9-796E6E3E4C69}.Debug|arm64.Build.0 = Debug|Any CPU
		{98086F3C-331A-4278-BBD9-796E6E3E4C69}.Debug|arm64.Deploy.0 = Debug|Any CPU
		{98086F3C-331A-4278-BBD9-796E6E3E4C69}.Debug|x86.ActiveCfg = Debug|Any CPU
		{98086F3C-331A-4278-BBD9-796E6E3E4C69}.Debug|x86.Build.0 = Debug|Any CPU
		{98086F3C-331A-4278-BBD9-796E6E3E4C69}.Debug|x86.Deploy.0 = Debug|Any CPU
		{98086F3C-331A-4278-BBD9-796E6E3E4C69}.Release|Any CPU.ActiveCfg = Release|Any CPU
		{98086F3C-331A-4278-BBD9-796E6E3E4C69}.Release|Any CPU.Build.0 = Release|Any CPU
		{98086F3C-331A-4278-BBD9-796E6E3E4C69}.Release|arm64.ActiveCfg = Release|Any CPU
		{98086F3C-331A-4278-BBD9-796E6E3E4C69}.Release|arm64.Build.0 = Release|Any CPU
		{98086F3C-331A-4278-BBD9-796E6E3E4C69}.Release|arm64.Deploy.0 = Release|Any CPU
		{98086F3C-331A-4278-BBD9-796E6E3E4C69}.Release|x86.ActiveCfg = Release|Any CPU
		{98086F3C-331A-4278-BBD9-796E6E3E4C69}.Release|x86.Build.0 = Release|Any CPU
		{98086F3C-331A-4278-BBD9-796E6E3E4C69}.Release|x86.Deploy.0 = Release|Any CPU
	EndGlobalSection
	GlobalSection(SolutionProperties) = preSolution
		HideSolutionNode = FALSE
	EndGlobalSection
	GlobalSection(ExtensibilityGlobals) = postSolution
		SolutionGuid = {8393ECA9-316D-45EE-9811-C4D741DED700}
	EndGlobalSection
EndGlobal
